
Microsoft Visual Studio Solution File, Format Version 12.00
# Visual Studio Version 17
VisualStudioVersion = 17.0.31611.283
MinimumVisualStudioVersion = 10.0.40219.1
Project("{9A19103F-16F7-4668-BE54-9A1E7A4F7556}") = "Argot", "src\Argot\Argot.csproj", "{4C374FC3-7D27-4B93-B12F-122B0BF537FE}"
EndProject
Project("{9A19103F-16F7-4668-BE54-9A1E7A4F7556}") = "Argot.XMPP", "src\Argot.Xmpp\Argot.XMPP.csproj", "{940452B2-3B2D-4D0E-9787-4B181FC479C4}"
EndProject
Project("{9A19103F-16F7-4668-BE54-9A1E7A4F7556}") = "Argot.Tests", "src\Argot.Tests\Argot.Tests.csproj", "{6BDE3263-3A10-44AF-8427-E028FFF62FFD}"
EndProject
Project("{FAE04EC0-301F-11D3-BF4B-00C04F79EFBC}") = "Argot.Common", "src\Argot.Common\Argot.Common.csproj", "{6EAF7A08-D9DF-406B-B5ED-CB59DAE6F565}"
EndProject
Global
	GlobalSection(SolutionConfigurationPlatforms) = preSolution
		Debug|Any CPU = Debug|Any CPU
		Release|Any CPU = Release|Any CPU
	EndGlobalSection
	GlobalSection(ProjectConfigurationPlatforms) = postSolution
		{4C374FC3-7D27-4B93-B12F-122B0BF537FE}.Debug|Any CPU.ActiveCfg = Debug|Any CPU
		{4C374FC3-7D27-4B93-B12F-122B0BF537FE}.Debug|Any CPU.Build.0 = Debug|Any CPU
		{4C374FC3-7D27-4B93-B12F-122B0BF537FE}.Debug|Any CPU.Deploy.0 = Debug|Any CPU
		{4C374FC3-7D27-4B93-B12F-122B0BF537FE}.Release|Any CPU.ActiveCfg = Release|Any CPU
		{4C374FC3-7D27-4B93-B12F-122B0BF537FE}.Release|Any CPU.Build.0 = Release|Any CPU
		{4C374FC3-7D27-4B93-B12F-122B0BF537FE}.Release|Any CPU.Deploy.0 = Release|Any CPU
		{940452B2-3B2D-4D0E-9787-4B181FC479C4}.Debug|Any CPU.ActiveCfg = Debug|Any CPU
		{940452B2-3B2D-4D0E-9787-4B181FC479C4}.Debug|Any CPU.Build.0 = Debug|Any CPU
		{940452B2-3B2D-4D0E-9787-4B181FC479C4}.Release|Any CPU.ActiveCfg = Release|Any CPU
		{940452B2-3B2D-4D0E-9787-4B181FC479C4}.Release|Any CPU.Build.0 = Release|Any CPU
		{6BDE3263-3A10-44AF-8427-E028FFF62FFD}.Debug|Any CPU.ActiveCfg = Debug|Any CPU
		{6BDE3263-3A10-44AF-8427-E028FFF62FFD}.Debug|Any CPU.Build.0 = Debug|Any CPU
		{6BDE3263-3A10-44AF-8427-E028FFF62FFD}.Release|Any CPU.ActiveCfg = Release|Any CPU
		{6BDE3263-3A10-44AF-8427-E028FFF62FFD}.Release|Any CPU.Build.0 = Release|Any CPU
		{6EAF7A08-D9DF-406B-B5ED-CB59DAE6F565}.Debug|Any CPU.ActiveCfg = Debug|Any CPU
		{6EAF7A08-D9DF-406B-B5ED-CB59DAE6F565}.Debug|Any CPU.Build.0 = Debug|Any CPU
		{6EAF7A08-D9DF-406B-B5ED-CB59DAE6F565}.Release|Any CPU.ActiveCfg = Release|Any CPU
		{6EAF7A08-D9DF-406B-B5ED-CB59DAE6F565}.Release|Any CPU.Build.0 = Release|Any CPU
	EndGlobalSection
	GlobalSection(SolutionProperties) = preSolution
		HideSolutionNode = FALSE
	EndGlobalSection
	GlobalSection(ExtensibilityGlobals) = postSolution
		SolutionGuid = {61F7FB11-1E47-470C-91E2-47F8143E1572}
	EndGlobalSection
EndGlobal
